
Microsoft Visual Studio Solution File, Format Version 12.00
# Visual Studio Version 17
VisualStudioVersion = 17.14.36414.22 d17.14
MinimumVisualStudioVersion = 10.0.40219.1
Project("{8BC9CEB8-8B4A-11D0-8D11-00A0C91BC942}") = "ProjectM", "ProjectM\ProjectM.vcxproj", "{06E05700-D986-47AA-A620-61F7B97AF28C}"
EndProject
Project("{8BC9CEB8-8B4A-11D0-8D11-00A0C91BC942}") = "ProjectA", "ProjectA\ProjectA.vcxproj", "{5EB29BAB-8328-4FC0-9586-954488497B25}"
EndProject
Project("{8BC9CEB8-8B4A-11D0-8D11-00A0C91BC942}") = "ProjectP", "ProjectP\ProjectP.vcxproj", "{B6499A6C-EC32-41DF-980E-03365CBB1AC7}"
EndProject
Project("{8BC9CEB8-8B4A-11D0-8D11-00A0C91BC942}") = "ProjectS", "ProjectS\ProjectS.vcxproj", "{6272C664-59CD-4891-AEE7-345BCDB2D86C}"
EndProject
Project("{8BC9CEB8-8B4A-11D0-8D11-00A0C91BC942}") = "Main", "Main\Main.vcxproj", "{26AC350B-DAC1-4E40-970F-CAB27947D329}"
	ProjectSection(ProjectDependencies) = postProject
		{06E05700-D986-47AA-A620-61F7B97AF28C} = {06E05700-D986-47AA-A620-61F7B97AF28C}
		{5EB29BAB-8328-4FC0-9586-954488497B25} = {5EB29BAB-8328-4FC0-9586-954488497B25}
		{6272C664-59CD-4891-AEE7-345BCDB2D86C} = {6272C664-59CD-4891-AEE7-345BCDB2D86C}
		{B6499A6C-EC32-41DF-980E-03365CBB1AC7} = {B6499A6C-EC32-41DF-980E-03365CBB1AC7}
	EndProjectSection
EndProject
Global
	GlobalSection(SolutionConfigurationPlatforms) = preSolution
		Debug|ARM64 = Debug|ARM64
		Debug|x64 = Debug|x64
		Debug|x86 = Debug|x86
		Release|ARM64 = Release|ARM64
		Release|x64 = Release|x64
		Release|x86 = Release|x86
	EndGlobalSection
	GlobalSection(ProjectConfigurationPlatforms) = postSolution
		{06E05700-D986-47AA-A620-61F7B97AF28C}.Debug|ARM64.ActiveCfg = Debug|ARM64
		{06E05700-D986-47AA-A620-61F7B97AF28C}.Debug|ARM64.Build.0 = Debug|ARM64
		{06E05700-D986-47AA-A620-61F7B97AF28C}.Debug|x64.ActiveCfg = Debug|x64
		{06E05700-D986-47AA-A620-61F7B97AF28C}.Debug|x64.Build.0 = Debug|x64
		{06E05700-D986-47AA-A620-61F7B97AF28C}.Debug|x86.ActiveCfg = Debug|Win32
		{06E05700-D986-47AA-A620-61F7B97AF28C}.Debug|x86.Build.0 = Debug|Win32
		{06E05700-D986-47AA-A620-61F7B97AF28C}.Release|ARM64.ActiveCfg = Release|ARM64
		{06E05700-D986-47AA-A620-61F7B97AF28C}.Release|ARM64.Build.0 = Release|ARM64
		{06E05700-D986-47AA-A620-61F7B97AF28C}.Release|x64.ActiveCfg = Release|x64
		{06E05700-D986-47AA-A620-61F7B97AF28C}.Release|x64.Build.0 = Release|x64
		{06E05700-D986-47AA-A620-61F7B97AF28C}.Release|x86.ActiveCfg = Release|Win32
		{06E05700-D986-47AA-A620-61F7B97AF28C}.Release|x86.Build.0 = Release|Win32
		{5EB29BAB-8328-4FC0-9586-954488497B25}.Debug|ARM64.ActiveCfg = Debug|ARM64
		{5EB29BAB-8328-4FC0-9586-954488497B25}.Debug|ARM64.Build.0 = Debug|ARM64
		{5EB29BAB-8328-4FC0-9586-954488497B25}.Debug|x64.ActiveCfg = Debug|x64
		{5EB29BAB-8328-4FC0-9586-954488497B25}.Debug|x64.Build.0 = Debug|x64
		{5EB29BAB-8328-4FC0-9586-954488497B25}.Debug|x86.ActiveCfg = Debug|Win32
		{5EB29BAB-8328-4FC0-9586-954488497B25}.Debug|x86.Build.0 = Debug|Win32
		{5EB29BAB-8328-4FC0-9586-954488497B25}.Release|ARM64.ActiveCfg = Release|ARM64
		{5EB29BAB-8328-4FC0-9586-954488497B25}.Release|ARM64.Build.0 = Release|ARM64
		{5EB29BAB-8328-4FC0-9586-954488497B25}.Release|x64.ActiveCfg = Release|x64
		{5EB29BAB-8328-4FC0-9586-954488497B25}.Release|x64.Build.0 = Release|x64
		{5EB29BAB-8328-4FC0-9586-954488497B25}.Release|x86.ActiveCfg = Release|Win32
		{5EB29BAB-8328-4FC0-9586-954488497B25}.Release|x86.Build.0 = Release|Win32
		{B6499A6C-EC32-41DF-980E-03365CBB1AC7}.Debug|ARM64.ActiveCfg = Debug|ARM64
		{B6499A6C-EC32-41DF-980E-03365CBB1AC7}.Debug|ARM64.Build.0 = Debug|ARM64
		{B6499A6C-EC32-41DF-980E-03365CBB1AC7}.Debug|x64.ActiveCfg = Debug|x64
		{B6499A6C-EC32-41DF-980E-03365CBB1AC7}.Debug|x64.Build.0 = Debug|x64
		{B6499A6C-EC32-41DF-980E-03365CBB1AC7}.Debug|x86.ActiveCfg = Debug|Win32
		{B6499A6C-EC32-41DF-980E-03365CBB1AC7}.Debug|x86.Build.0 = Debug|Win32
		{B6499A6C-EC32-41DF-980E-03365CBB1AC7}.Release|ARM64.ActiveCfg = Release|ARM64
		{B6499A6C-EC32-41DF-980E-03365CBB1AC7}.Release|ARM64.Build.0 = Release|ARM64
		{B6499A6C-EC32-41DF-980E-03365CBB1AC7}.Release|x64.ActiveCfg = Release|x64
		{B6499A6C-EC32-41DF-980E-03365CBB1AC7}.Release|x64.Build.0 = Release|x64
		{B6499A6C-EC32-41DF-980E-03365CBB1AC7}.Release|x86.ActiveCfg = Release|Win32
		{B6499A6C-EC32-41DF-980E-03365CBB1AC7}.Release|x86.Build.0 = Release|Win32
		{6272C664-59CD-4891-AEE7-345BCDB2D86C}.Debug|ARM64.ActiveCfg = Debug|ARM64
		{6272C664-59CD-4891-AEE7-345BCDB2D86C}.Debug|ARM64.Build.0 = Debug|ARM64
		{6272C664-59CD-4891-AEE7-345BCDB2D86C}.Debug|x64.ActiveCfg = Debug|x64
		{6272C664-59CD-4891-AEE7-345BCDB2D86C}.Debug|x64.Build.0 = Debug|x64
		{6272C664-59CD-4891-AEE7-345BCDB2D86C}.Debug|x86.ActiveCfg = Debug|Win32
		{6272C664-59CD-4891-AEE7-345BCDB2D86C}.Debug|x86.Build.0 = Debug|Win32
		{6272C664-59CD-4891-AEE7-345BCDB2D86C}.Release|ARM64.ActiveCfg = Release|ARM64
		{6272C664-59CD-4891-AEE7-345BCDB2D86C}.Release|ARM64.Build.0 = Release|ARM64
		{6272C664-59CD-4891-AEE7-345BCDB2D86C}.Release|x64.ActiveCfg = Release|x64
		{6272C664-59CD-4891-AEE7-345BCDB2D86C}.Release|x64.Build.0 = Release|x64
		{6272C664-59CD-4891-AEE7-345BCDB2D86C}.Release|x86.ActiveCfg = Release|Win32
		{6272C664-59CD-4891-AEE7-345BCDB2D86C}.Release|x86.Build.0 = Release|Win32
		{26AC350B-DAC1-4E40-970F-CAB27947D329}.Debug|ARM64.ActiveCfg = Debug|ARM64
		{26AC350B-DAC1-4E40-970F-CAB27947D329}.Debug|ARM64.Build.0 = Debug|ARM64
		{26AC350B-DAC1-4E40-970F-CAB27947D329}.Debug|x64.ActiveCfg = Debug|x64
		{26AC350B-DAC1-4E40-970F-CAB27947D329}.Debug|x64.Build.0 = Debug|x64
		{26AC350B-DAC1-4E40-970F-CAB27947D329}.Debug|x86.ActiveCfg = Debug|Win32
		{26AC350B-DAC1-4E40-970F-CAB27947D329}.Debug|x86.Build.0 = Debug|Win32
		{26AC350B-DAC1-4E40-970F-CAB27947D329}.Release|ARM64.ActiveCfg = Release|ARM64
		{26AC350B-DAC1-4E40-970F-CAB27947D329}.Release|ARM64.Build.0 = Release|ARM64
		{26AC350B-DAC1-4E40-970F-CAB27947D329}.Release|x64.ActiveCfg = Release|x64
		{26AC350B-DAC1-4E40-970F-CAB27947D329}.Release|x64.Build.0 = Release|x64
		{26AC350B-DAC1-4E40-970F-CAB27947D329}.Release|x86.ActiveCfg = Release|Win32
		{26AC350B-DAC1-4E40-970F-CAB27947D329}.Release|x86.Build.0 = Release|Win32
	EndGlobalSection
	GlobalSection(SolutionProperties) = preSolution
		HideSolutionNode = FALSE
	EndGlobalSection
	GlobalSection(ExtensibilityGlobals) = postSolution
		SolutionGuid = {133B6686-7BE4-4793-A753-B2A1910360D2}
	EndGlobalSection
EndGlobal
